
Microsoft Visual Studio Solution File, Format Version 12.00
# Visual Studio Version 17
VisualStudioVersion = 17.14.36518.9 d17.14
MinimumVisualStudioVersion = 10.0.40219.1
Project("{8BC9CEB8-8B4A-11D0-8D11-00A0C91BC942}") = "Task 1", "Task 1\Task 1.vcxproj", "{5744B965-65E4-40CF-A6E1-46FBCF9D4EF5}"
EndProject
Project("{8BC9CEB8-8B4A-11D0-8D11-00A0C91BC942}") = "Task 2", "Task 2\Task 2.vcxproj", "{CE202288-124C-47EA-890F-765EAF04876F}"
EndProject
Project("{8BC9CEB8-8B4A-11D0-8D11-00A0C91BC942}") = "Task 3", "Task 3\Task 3.vcxproj", "{DC479AE9-B77F-434B-8732-56EA2FA7B915}"
EndProject
Project("{8BC9CEB8-8B4A-11D0-8D11-00A0C91BC942}") = "task 4", "task 4\task 4.vcxproj", "{ED103EBA-CB2D-4BF7-AF64-79B884403C0C}"
EndProject
Project("{8BC9CEB8-8B4A-11D0-8D11-00A0C91BC942}") = "task 5", "task 5\task 5.vcxproj", "{D6FC8C80-ADC8-4B9B-BF1F-1C3DA7B44AD0}"
EndProject
Project("{8BC9CEB8-8B4A-11D0-8D11-00A0C91BC942}") = "task 6", "task 6\task 6.vcxproj", "{1AFD401C-4FC1-458C-AD26-28A6568DA02E}"
EndProject
Project("{8BC9CEB8-8B4A-11D0-8D11-00A0C91BC942}") = "task 7", "task 7\task 7.vcxproj", "{1D5B0A9F-53FF-4BB5-96D8-5399B873715A}"
EndProject
Project("{8BC9CEB8-8B4A-11D0-8D11-00A0C91BC942}") = "task 8", "task 8\task 8.vcxproj", "{5CE9E15A-84F5-4745-A66E-291AD1020351}"
EndProject
Project("{8BC9CEB8-8B4A-11D0-8D11-00A0C91BC942}") = "task 9", "task 9\task 9.vcxproj", "{9345D889-D42B-4586-9D14-4A1A7B63208D}"
EndProject
Project("{8BC9CEB8-8B4A-11D0-8D11-00A0C91BC942}") = "task 10", "task 10\task 10.vcxproj", "{A706E19D-94AE-4C10-A011-65F8FDE34276}"
EndProject
Project("{8BC9CEB8-8B4A-11D0-8D11-00A0C91BC942}") = "task 11", "task 11\task 11.vcxproj", "{33FF04FC-D228-4D8C-928C-455476DB0238}"
EndProject
Project("{8BC9CEB8-8B4A-11D0-8D11-00A0C91BC942}") = "task 13", "task 13\task 13.vcxproj", "{BE1A2046-5541-40A8-ACA0-397CB1E19C22}"
EndProject
Project("{8BC9CEB8-8B4A-11D0-8D11-00A0C91BC942}") = "task 14", "task 14\task 14.vcxproj", "{65251FF3-274F-45E0-A298-AE9C8ABDB827}"
EndProject
Project("{8BC9CEB8-8B4A-11D0-8D11-00A0C91BC942}") = "task 15", "task 15\task 15.vcxproj", "{84414484-3E49-44D2-8D02-389BE5C8985C}"
EndProject
Project("{8BC9CEB8-8B4A-11D0-8D11-00A0C91BC942}") = "task 16", "task 16\task 16.vcxproj", "{ACD8919F-798E-4232-8C80-50D439FEB10C}"
EndProject
Project("{8BC9CEB8-8B4A-11D0-8D11-00A0C91BC942}") = "task 17", "task 17\task 17.vcxproj", "{089B40F8-D75B-4827-B040-F65CD64F5C5E}"
EndProject
Project("{8BC9CEB8-8B4A-11D0-8D11-00A0C91BC942}") = "task 18", "task 18\task 18.vcxproj", "{372CC4EB-569A-4AED-BDD0-3FE75020FC10}"
EndProject
Project("{8BC9CEB8-8B4A-11D0-8D11-00A0C91BC942}") = "task 19", "task 19\task 19.vcxproj", "{37311FED-548D-4A32-9710-1BB7F2D9A0DD}"
EndProject
Project("{8BC9CEB8-8B4A-11D0-8D11-00A0C91BC942}") = "task 20", "task 20\task 20.vcxproj", "{0271A834-0357-4B78-9FC7-D8D0C99A3AE5}"
EndProject
Project("{8BC9CEB8-8B4A-11D0-8D11-00A0C91BC942}") = "task 22", "task 22\task 22.vcxproj", "{A2DF526B-842A-4B5A-8AB8-D49E4D3A8BB2}"
EndProject
Global
	GlobalSection(SolutionConfigurationPlatforms) = preSolution
		Debug|x64 = Debug|x64
		Debug|x86 = Debug|x86
		Release|x64 = Release|x64
		Release|x86 = Release|x86
	EndGlobalSection
	GlobalSection(ProjectConfigurationPlatforms) = postSolution
		{5744B965-65E4-40CF-A6E1-46FBCF9D4EF5}.Debug|x64.ActiveCfg = Debug|x64
		{5744B965-65E4-40CF-A6E1-46FBCF9D4EF5}.Debug|x64.Build.0 = Debug|x64
		{5744B965-65E4-40CF-A6E1-46FBCF9D4EF5}.Debug|x86.ActiveCfg = Debug|Win32
		{5744B965-65E4-40CF-A6E1-46FBCF9D4EF5}.Debug|x86.Build.0 = Debug|Win32
		{5744B965-65E4-40CF-A6E1-46FBCF9D4EF5}.Release|x64.ActiveCfg = Release|x64
		{5744B965-65E4-40CF-A6E1-46FBCF9D4EF5}.Release|x64.Build.0 = Release|x64
		{5744B965-65E4-40CF-A6E1-46FBCF9D4EF5}.Release|x86.ActiveCfg = Release|Win32
		{5744B965-65E4-40CF-A6E1-46FBCF9D4EF5}.Release|x86.Build.0 = Release|Win32
		{CE202288-124C-47EA-890F-765EAF04876F}.Debug|x64.ActiveCfg = Debug|x64
		{CE202288-124C-47EA-890F-765EAF04876F}.Debug|x64.Build.0 = Debug|x64
		{CE202288-124C-47EA-890F-765EAF04876F}.Debug|x86.ActiveCfg = Debug|Win32
		{CE202288-124C-47EA-890F-765EAF04876F}.Debug|x86.Build.0 = Debug|Win32
		{CE202288-124C-47EA-890F-765EAF04876F}.Release|x64.ActiveCfg = Release|x64
		{CE202288-124C-47EA-890F-765EAF04876F}.Release|x64.Build.0 = Release|x64
		{CE202288-124C-47EA-890F-765EAF04876F}.Release|x86.ActiveCfg = Release|Win32
		{CE202288-124C-47EA-890F-765EAF04876F}.Release|x86.Build.0 = Release|Win32
		{DC479AE9-B77F-434B-8732-56EA2FA7B915}.Debug|x64.ActiveCfg = Debug|x64
		{DC479AE9-B77F-434B-8732-56EA2FA7B915}.Debug|x64.Build.0 = Debug|x64
		{DC479AE9-B77F-434B-8732-56EA2FA7B915}.Debug|x86.ActiveCfg = Debug|Win32
		{DC479AE9-B77F-434B-8732-56EA2FA7B915}.Debug|x86.Build.0 = Debug|Win32
		{DC479AE9-B77F-434B-8732-56EA2FA7B915}.Release|x64.ActiveCfg = Release|x64
		{DC479AE9-B77F-434B-8732-56EA2FA7B915}.Release|x64.Build.0 = Release|x64
		{DC479AE9-B77F-434B-8732-56EA2FA7B915}.Release|x86.ActiveCfg = Release|Win32
		{DC479AE9-B77F-434B-8732-56EA2FA7B915}.Release|x86.Build.0 = Release|Win32
		{ED103EBA-CB2D-4BF7-AF64-79B884403C0C}.Debug|x64.ActiveCfg = Debug|x64
		{ED103EBA-CB2D-4BF7-AF64-79B884403C0C}.Debug|x64.Build.0 = Debug|x64
		{ED103EBA-CB2D-4BF7-AF64-79B884403C0C}.Debug|x86.ActiveCfg = Debug|Win32
		{ED103EBA-CB2D-4BF7-AF64-79B884403C0C}.Debug|x86.Build.0 = Debug|Win32
		{ED103EBA-CB2D-4BF7-AF64-79B884403C0C}.Release|x64.ActiveCfg = Release|x64
		{ED103EBA-CB2D-4BF7-AF64-79B884403C0C}.Release|x64.Build.0 = Release|x64
		{ED103EBA-CB2D-4BF7-AF64-79B884403C0C}.Release|x86.ActiveCfg = Release|Win32
		{ED103EBA-CB2D-4BF7-AF64-79B884403C0C}.Release|x86.Build.0 = Release|Win32
		{D6FC8C80-ADC8-4B9B-BF1F-1C3DA7B44AD0}.Debug|x64.ActiveCfg = Debug|x64
		{D6FC8C80-ADC8-4B9B-BF1F-1C3DA7B44AD0}.Debug|x64.Build.0 = Debug|x64
		{D6FC8C80-ADC8-4B9B-BF1F-1C3DA7B44AD0}.Debug|x86.ActiveCfg = Debug|Win32
		{D6FC8C80-ADC8-4B9B-BF1F-1C3DA7B44AD0}.Debug|x86.Build.0 = Debug|Win32
		{D6FC8C80-ADC8-4B9B-BF1F-1C3DA7B44AD0}.Release|x64.ActiveCfg = Release|x64
		{D6FC8C80-ADC8-4B9B-BF1F-1C3DA7B44AD0}.Release|x64.Build.0 = Release|x64
		{D6FC8C80-ADC8-4B9B-BF1F-1C3DA7B44AD0}.Release|x86.ActiveCfg = Release|Win32
		{D6FC8C80-ADC8-4B9B-BF1F-1C3DA7B44AD0}.Release|x86.Build.0 = Release|Win32
		{1AFD401C-4FC1-458C-AD26-28A6568DA02E}.Debug|x64.ActiveCfg = Debug|x64
		{1AFD401C-4FC1-458C-AD26-28A6568DA02E}.Debug|x64.Build.0 = Debug|x64
		{1AFD401C-4FC1-458C-AD26-28A6568DA02E}.Debug|x86.ActiveCfg = Debug|Win32
		{1AFD401C-4FC1-458C-AD26-28A6568DA02E}.Debug|x86.Build.0 = Debug|Win32
		{1AFD401C-4FC1-458C-AD26-28A6568DA02E}.Release|x64.ActiveCfg = Release|x64
		{1AFD401C-4FC1-458C-AD26-28A6568DA02E}.Release|x64.Build.0 = Release|x64
		{1AFD401C-4FC1-458C-AD26-28A6568DA02E}.Release|x86.ActiveCfg = Release|Win32
		{1AFD401C-4FC1-458C-AD26-28A6568DA02E}.Release|x86.Build.0 = Release|Win32
		{1D5B0A9F-53FF-4BB5-96D8-5399B873715A}.Debug|x64.ActiveCfg = Debug|x64
		{1D5B0A9F-53FF-4BB5-96D8-5399B873715A}.Debug|x64.Build.0 = Debug|x64
		{1D5B0A9F-53FF-4BB5-96D8-5399B873715A}.Debug|x86.ActiveCfg = Debug|Win32
		{1D5B0A9F-53FF-4BB5-96D8-5399B873715A}.Debug|x86.Build.0 = Debug|Win32
		{1D5B0A9F-53FF-4BB5-96D8-5399B873715A}.Release|x64.ActiveCfg = Release|x64
		{1D5B0A9F-53FF-4BB5-96D8-5399B873715A}.Release|x64.Build.0 = Release|x64
		{1D5B0A9F-53FF-4BB5-96D8-5399B873715A}.Release|x86.ActiveCfg = Release|Win32
		{1D5B0A9F-53FF-4BB5-96D8-5399B873715A}.Release|x86.Build.0 = Release|Win32
		{5CE9E15A-84F5-4745-A66E-291AD1020351}.Debug|x64.ActiveCfg = Debug|x64
		{5CE9E15A-84F5-4745-A66E-291AD1020351}.Debug|x64.Build.0 = Debug|x64
		{5CE9E15A-84F5-4745-A66E-291AD1020351}.Debug|x86.ActiveCfg = Debug|Win32
		{5CE9E15A-84F5-4745-A66E-291AD1020351}.Debug|x86.Build.0 = Debug|Win32
		{5CE9E15A-84F5-4745-A66E-291AD1020351}.Release|x64.ActiveCfg = Release|x64
		{5CE9E15A-84F5-4745-A66E-291AD1020351}.Release|x64.Build.0 = Release|x64
		{5CE9E15A-84F5-4745-A66E-291AD1020351}.Release|x86.ActiveCfg = Release|Win32
		{5CE9E15A-84F5-4745-A66E-291AD1020351}.Release|x86.Build.0 = Release|Win32
		{9345D889-D42B-4586-9D14-4A1A7B63208D}.Debug|x64.ActiveCfg = Debug|x64
		{9345D889-D42B-4586-9D14-4A1A7B63208D}.Debug|x64.Build.0 = Debug|x64
		{9345D889-D42B-4586-9D14-4A1A7B63208D}.Debug|x86.ActiveCfg = Debug|Win32
		{9345D889-D42B-4586-9D14-4A1A7B63208D}.Debug|x86.Build.0 = Debug|Win32
		{9345D889-D42B-4586-9D14-4A1A7B63208D}.Release|x64.ActiveCfg = Release|x64
		{9345D889-D42B-4586-9D14-4A1A7B63208D}.Release|x64.Build.0 = Release|x64
		{9345D889-D42B-4586-9D14-4A1A7B63208D}.Release|x86.ActiveCfg = Release|Win32
		{9345D889-D42B-4586-9D14-4A1A7B63208D}.Release|x86.Build.0 = Release|Win32
		{A706E19D-94AE-4C10-A011-65F8FDE34276}.Debug|x64.ActiveCfg = Debug|x64
		{A706E19D-94AE-4C10-A011-65F8FDE34276}.Debug|x64.Build.0 = Debug|x64
		{A706E19D-94AE-4C10-A011-65F8FDE34276}.Debug|x86.ActiveCfg = Debug|Win32
		{A706E19D-94AE-4C10-A011-65F8FDE34276}.Debug|x86.Build.0 = Debug|Win32
		{A706E19D-94AE-4C10-A011-65F8FDE34276}.Release|x64.ActiveCfg = Release|x64
		{A706E19D-94AE-4C10-A011-65F8FDE34276}.Release|x64.Build.0 = Release|x64
		{A706E19D-94AE-4C10-A011-65F8FDE34276}.Release|x86.ActiveCfg = Release|Win32
		{A706E19D-94AE-4C10-A011-65F8FDE34276}.Release|x86.Build.0 = Release|Win32
		{33FF04FC-D228-4D8C-928C-455476DB0238}.Debug|x64.ActiveCfg = Debug|x64
		{33FF04FC-D228-4D8C-928C-455476DB0238}.Debug|x64.Build.0 = Debug|x64
		{33FF04FC-D228-4D8C-928C-455476DB0238}.Debug|x86.ActiveCfg = Debug|Win32
		{33FF04FC-D228-4D8C-928C-455476DB0238}.Debug|x86.Build.0 = Debug|Win32
		{33FF04FC-D228-4D8C-928C-455476DB0238}.Release|x64.ActiveCfg = Release|x64
		{33FF04FC-D228-4D8C-928C-455476DB0238}.Release|x64.Build.0 = Release|x64
		{33FF04FC-D228-4D8C-928C-455476DB0238}.Release|x86.ActiveCfg = Release|Win32
		{33FF04FC-D228-4D8C-928C-455476DB0238}.Release|x86.Build.0 = Release|Win32
		{BE1A2046-5541-40A8-ACA0-397CB1E19C22}.Debug|x64.ActiveCfg = Debug|x64
		{BE1A2046-5541-40A8-ACA0-397CB1E19C22}.Debug|x64.Build.0 = Debug|x64
		{BE1A2046-5541-40A8-ACA0-397CB1E19C22}.Debug|x86.ActiveCfg = Debug|Win32
		{BE1A2046-5541-40A8-ACA0-397CB1E19C22}.Debug|x86.Build.0 = Debug|Win32
		{BE1A2046-5541-40A8-ACA0-397CB1E19C22}.Release|x64.ActiveCfg = Release|x64
		{BE1A2046-5541-40A8-ACA0-397CB1E19C22}.Release|x64.Build.0 = Release|x64
		{BE1A2046-5541-40A8-ACA0-397CB1E19C22}.Release|x86.ActiveCfg = Release|Win32
		{BE1A2046-5541-40A8-ACA0-397CB1E19C22}.Release|x86.Build.0 = Release|Win32
		{65251FF3-274F-45E0-A298-AE9C8ABDB827}.Debug|x64.ActiveCfg = Debug|x64
		{65251FF3-274F-45E0-A298-AE9C8ABDB827}.Debug|x64.Build.0 = Debug|x64
		{65251FF3-274F-45E0-A298-AE9C8ABDB827}.Debug|x86.ActiveCfg = Debug|Win32
		{65251FF3-274F-45E0-A298-AE9C8ABDB827}.Debug|x86.Build.0 = Debug|Win32
		{65251FF3-274F-45E0-A298-AE9C8ABDB827}.Release|x64.ActiveCfg = Release|x64
		{65251FF3-274F-45E0-A298-AE9C8ABDB827}.Release|x64.Build.0 = Release|x64
		{65251FF3-274F-45E0-A298-AE9C8ABDB827}.Release|x86.ActiveCfg = Release|Win32
		{65251FF3-274F-45E0-A298-AE9C8ABDB827}.Release|x86.Build.0 = Release|Win32
		{84414484-3E49-44D2-8D02-389BE5C8985C}.Debug|x64.ActiveCfg = Debug|x64
		{84414484-3E49-44D2-8D02-389BE5C8985C}.Debug|x64.Build.0 = Debug|x64
		{84414484-3E49-44D2-8D02-389BE5C8985C}.Debug|x86.ActiveCfg = Debug|Win32
		{84414484-3E49-44D2-8D02-389BE5C8985C}.Debug|x86.Build.0 = Debug|Win32
		{84414484-3E49-44D2-8D02-389BE5C8985C}.Release|x64.ActiveCfg = Release|x64
		{84414484-3E49-44D2-8D02-389BE5C8985C}.Release|x64.Build.0 = Release|x64
		{84414484-3E49-44D2-8D02-389BE5C8985C}.Release|x86.ActiveCfg = Release|Win32
		{84414484-3E49-44D2-8D02-389BE5C8985C}.Release|x86.Build.0 = Release|Win32
		{ACD8919F-798E-4232-8C80-50D439FEB10C}.Debug|x64.ActiveCfg = Debug|x64
		{ACD8919F-798E-4232-8C80-50D439FEB10C}.Debug|x64.Build.0 = Debug|x64
		{ACD8919F-798E-4232-8C80-50D439FEB10C}.Debug|x86.ActiveCfg = Debug|Win32
		{ACD8919F-798E-4232-8C80-50D439FEB10C}.Debug|x86.Build.0 = Debug|Win32
		{ACD8919F-798E-4232-8C80-50D439FEB10C}.Release|x64.ActiveCfg = Release|x64
		{ACD8919F-798E-4232-8C80-50D439FEB10C}.Release|x64.Build.0 = Release|x64
		{ACD8919F-798E-4232-8C80-50D439FEB10C}.Release|x86.ActiveCfg = Release|Win32
		{ACD8919F-798E-4232-8C80-50D439FEB10C}.Release|x86.Build.0 = Release|Win32
		{089B40F8-D75B-4827-B040-F65CD64F5C5E}.Debug|x64.ActiveCfg = Debug|x64
		{089B40F8-D75B-4827-B040-F65CD64F5C5E}.Debug|x64.Build.0 = Debug|x64
		{089B40F8-D75B-4827-B040-F65CD64F5C5E}.Debug|x86.ActiveCfg = Debug|Win32
		{089B40F8-D75B-4827-B040-F65CD64F5C5E}.Debug|x86.Build.0 = Debug|Win32
		{089B40F8-D75B-4827-B040-F65CD64F5C5E}.Release|x64.ActiveCfg = Release|x64
		{089B40F8-D75B-4827-B040-F65CD64F5C5E}.Release|x64.Build.0 = Release|x64
		{089B40F8-D75B-4827-B040-F65CD64F5C5E}.Release|x86.ActiveCfg = Release|Win32
		{089B40F8-D75B-4827-B040-F65CD64F5C5E}.Release|x86.Build.0 = Release|Win32
		{372CC4EB-569A-4AED-BDD0-3FE75020FC10}.Debug|x64.ActiveCfg = Debug|x64
		{372CC4EB-569A-4AED-BDD0-3FE75020FC10}.Debug|x64.Build.0 = Debug|x64
		{372CC4EB-569A-4AED-BDD0-3FE75020FC10}.Debug|x86.ActiveCfg = Debug|Win32
		{372CC4EB-569A-4AED-BDD0-3FE75020FC10}.Debug|x86.Build.0 = Debug|Win32
		{372CC4EB-569A-4AED-BDD0-3FE75020FC10}.Release|x64.ActiveCfg = Release|x64
		{372CC4EB-569A-4AED-BDD0-3FE75020FC10}.Release|x64.Build.0 = Release|x64
		{372CC4EB-569A-4AED-BDD0-3FE75020FC10}.Release|x86.ActiveCfg = Release|Win32
		{372CC4EB-569A-4AED-BDD0-3FE75020FC10}.Release|x86.Build.0 = Release|Win32
		{37311FED-548D-4A32-9710-1BB7F2D9A0DD}.Debug|x64.ActiveCfg = Debug|x64
		{37311FED-548D-4A32-9710-1BB7F2D9A0DD}.Debug|x64.Build.0 = Debug|x64
		{37311FED-548D-4A32-9710-1BB7F2D9A0DD}.Debug|x86.ActiveCfg = Debug|Win32
		{37311FED-548D-4A32-9710-1BB7F2D9A0DD}.Debug|x86.Build.0 = Debug|Win32
		{37311FED-548D-4A32-9710-1BB7F2D9A0DD}.Release|x64.ActiveCfg = Release|x64
		{37311FED-548D-4A32-9710-1BB7F2D9A0DD}.Release|x64.Build.0 = Release|x64
		{37311FED-548D-4A32-9710-1BB7F2D9A0DD}.Release|x86.ActiveCfg = Release|Win32
		{37311FED-548D-4A32-9710-1BB7F2D9A0DD}.Release|x86.Build.0 = Release|Win32
		{0271A834-0357-4B78-9FC7-D8D0C99A3AE5}.Debug|x64.ActiveCfg = Debug|x64
		{0271A834-0357-4B78-9FC7-D8D0C99A3AE5}.Debug|x64.Build.0 = Debug|x64
		{0271A834-0357-4B78-9FC7-D8D0C99A3AE5}.Debug|x86.ActiveCfg = Debug|Win32
		{0271A834-0357-4B78-9FC7-D8D0C99A3AE5}.Debug|x86.Build.0 = Debug|Win32
		{0271A834-0357-4B78-9FC7-D8D0C99A3AE5}.Release|x64.ActiveCfg = Release|x64
		{0271A834-0357-4B78-9FC7-D8D0C99A3AE5}.Release|x64.Build.0 = Release|x64
		{0271A834-0357-4B78-9FC7-D8D0C99A3AE5}.Release|x86.ActiveCfg = Release|Win32
		{0271A834-0357-4B78-9FC7-D8D0C99A3AE5}.Release|x86.Build.0 = Release|Win32
		{A2DF526B-842A-4B5A-8AB8-D49E4D3A8BB2}.Debug|x64.ActiveCfg = Debug|x64
		{A2DF526B-842A-4B5A-8AB8-D49E4D3A8BB2}.Debug|x64.Build.0 = Debug|x64
		{A2DF526B-842A-4B5A-8AB8-D49E4D3A8BB2}.Debug|x86.ActiveCfg = Debug|Win32
		{A2DF526B-842A-4B5A-8AB8-D49E4D3A8BB2}.Debug|x86.Build.0 = Debug|Win32
		{A2DF526B-842A-4B5A-8AB8-D49E4D3A8BB2}.Release|x64.ActiveCfg = Release|x64
		{A2DF526B-842A-4B5A-8AB8-D49E4D3A8BB2}.Release|x64.Build.0 = Release|x64
		{A2DF526B-842A-4B5A-8AB8-D49E4D3A8BB2}.Release|x86.ActiveCfg = Release|Win32
		{A2DF526B-842A-4B5A-8AB8-D49E4D3A8BB2}.Release|x86.Build.0 = Release|Win32
	EndGlobalSection
	GlobalSection(SolutionProperties) = preSolution
		HideSolutionNode = FALSE
	EndGlobalSection
	GlobalSection(ExtensibilityGlobals) = postSolution
		SolutionGuid = {D32E06C3-09CE-4217-A477-CF18BBEA5B79}
	EndGlobalSection
EndGlobal
