
Microsoft Visual Studio Solution File, Format Version 12.00
# Visual Studio Version 17
VisualStudioVersion = 17.14.36518.9
MinimumVisualStudioVersion = 10.0.40219.1
Project("{8BC9CEB8-8B4A-11D0-8D11-00A0C91BC942}") = "task-1", "task-1\task-1.vcxproj", "{F58BF62C-AD13-422F-8BCA-F37142516FD7}"
EndProject
Project("{8BC9CEB8-8B4A-11D0-8D11-00A0C91BC942}") = "task 2", "task 2\task 2.vcxitems", "{E89E7E6C-A481-45A8-A563-7431E25D7278}"
EndProject
Project("{8BC9CEB8-8B4A-11D0-8D11-00A0C91BC942}") = "task -2", "task -2\task -2.vcxproj", "{7B0F63FE-5C73-4899-9D84-B7B4ED4A1714}"
EndProject
Project("{8BC9CEB8-8B4A-11D0-8D11-00A0C91BC942}") = "task -3", "task -3\task -3.vcxproj", "{6B56FFE0-CB5E-482C-9ECD-924D303C2FA8}"
EndProject
Project("{8BC9CEB8-8B4A-11D0-8D11-00A0C91BC942}") = "task -4", "task -4\task -4.vcxproj", "{F0CED564-CCA0-4384-B959-6DDF97C6DC36}"
EndProject
Project("{8BC9CEB8-8B4A-11D0-8D11-00A0C91BC942}") = "task 5", "task 5\task 5.vcxproj", "{2EF21E36-96E7-4702-86D1-8279F23F8460}"
EndProject
Project("{8BC9CEB8-8B4A-11D0-8D11-00A0C91BC942}") = "task 6", "task 6\task 6.vcxproj", "{C6A262D1-B931-42FD-BFCE-E0CF20D80951}"
EndProject
Project("{8BC9CEB8-8B4A-11D0-8D11-00A0C91BC942}") = "task 7", "task 7\task 7.vcxproj", "{ADC70EC7-C1F1-4742-B96E-3CB0D9016CC1}"
EndProject
Global
	GlobalSection(SolutionConfigurationPlatforms) = preSolution
		Debug|x64 = Debug|x64
		Debug|x86 = Debug|x86
		Release|x64 = Release|x64
		Release|x86 = Release|x86
	EndGlobalSection
	GlobalSection(ProjectConfigurationPlatforms) = postSolution
		{F58BF62C-AD13-422F-8BCA-F37142516FD7}.Debug|x64.ActiveCfg = Debug|x64
		{F58BF62C-AD13-422F-8BCA-F37142516FD7}.Debug|x64.Build.0 = Debug|x64
		{F58BF62C-AD13-422F-8BCA-F37142516FD7}.Debug|x86.ActiveCfg = Debug|Win32
		{F58BF62C-AD13-422F-8BCA-F37142516FD7}.Debug|x86.Build.0 = Debug|Win32
		{F58BF62C-AD13-422F-8BCA-F37142516FD7}.Release|x64.ActiveCfg = Release|x64
		{F58BF62C-AD13-422F-8BCA-F37142516FD7}.Release|x64.Build.0 = Release|x64
		{F58BF62C-AD13-422F-8BCA-F37142516FD7}.Release|x86.ActiveCfg = Release|Win32
		{F58BF62C-AD13-422F-8BCA-F37142516FD7}.Release|x86.Build.0 = Release|Win32
		{7B0F63FE-5C73-4899-9D84-B7B4ED4A1714}.Debug|x64.ActiveCfg = Debug|x64
		{7B0F63FE-5C73-4899-9D84-B7B4ED4A1714}.Debug|x64.Build.0 = Debug|x64
		{7B0F63FE-5C73-4899-9D84-B7B4ED4A1714}.Debug|x86.ActiveCfg = Debug|Win32
		{7B0F63FE-5C73-4899-9D84-B7B4ED4A1714}.Debug|x86.Build.0 = Debug|Win32
		{7B0F63FE-5C73-4899-9D84-B7B4ED4A1714}.Release|x64.ActiveCfg = Release|x64
		{7B0F63FE-5C73-4899-9D84-B7B4ED4A1714}.Release|x64.Build.0 = Release|x64
		{7B0F63FE-5C73-4899-9D84-B7B4ED4A1714}.Release|x86.ActiveCfg = Release|Win32
		{7B0F63FE-5C73-4899-9D84-B7B4ED4A1714}.Release|x86.Build.0 = Release|Win32
		{6B56FFE0-CB5E-482C-9ECD-924D303C2FA8}.Debug|x64.ActiveCfg = Debug|x64
		{6B56FFE0-CB5E-482C-9ECD-924D303C2FA8}.Debug|x64.Build.0 = Debug|x64
		{6B56FFE0-CB5E-482C-9ECD-924D303C2FA8}.Debug|x86.ActiveCfg = Debug|Win32
		{6B56FFE0-CB5E-482C-9ECD-924D303C2FA8}.Debug|x86.Build.0 = Debug|Win32
		{6B56FFE0-CB5E-482C-9ECD-924D303C2FA8}.Release|x64.ActiveCfg = Release|x64
		{6B56FFE0-CB5E-482C-9ECD-924D303C2FA8}.Release|x64.Build.0 = Release|x64
		{6B56FFE0-CB5E-482C-9ECD-924D303C2FA8}.Release|x86.ActiveCfg = Release|Win32
		{6B56FFE0-CB5E-482C-9ECD-924D303C2FA8}.Release|x86.Build.0 = Release|Win32
		{F0CED564-CCA0-4384-B959-6DDF97C6DC36}.Debug|x64.ActiveCfg = Debug|x64
		{F0CED564-CCA0-4384-B959-6DDF97C6DC36}.Debug|x64.Build.0 = Debug|x64
		{F0CED564-CCA0-4384-B959-6DDF97C6DC36}.Debug|x86.ActiveCfg = Debug|Win32
		{F0CED564-CCA0-4384-B959-6DDF97C6DC36}.Debug|x86.Build.0 = Debug|Win32
		{F0CED564-CCA0-4384-B959-6DDF97C6DC36}.Release|x64.ActiveCfg = Release|x64
		{F0CED564-CCA0-4384-B959-6DDF97C6DC36}.Release|x64.Build.0 = Release|x64
		{F0CED564-CCA0-4384-B959-6DDF97C6DC36}.Release|x86.ActiveCfg = Release|Win32
		{F0CED564-CCA0-4384-B959-6DDF97C6DC36}.Release|x86.Build.0 = Release|Win32
		{2EF21E36-96E7-4702-86D1-8279F23F8460}.Debug|x64.ActiveCfg = Debug|x64
		{2EF21E36-96E7-4702-86D1-8279F23F8460}.Debug|x64.Build.0 = Debug|x64
		{2EF21E36-96E7-4702-86D1-8279F23F8460}.Debug|x86.ActiveCfg = Debug|Win32
		{2EF21E36-96E7-4702-86D1-8279F23F8460}.Debug|x86.Build.0 = Debug|Win32
		{2EF21E36-96E7-4702-86D1-8279F23F8460}.Release|x64.ActiveCfg = Release|x64
		{2EF21E36-96E7-4702-86D1-8279F23F8460}.Release|x64.Build.0 = Release|x64
		{2EF21E36-96E7-4702-86D1-8279F23F8460}.Release|x86.ActiveCfg = Release|Win32
		{2EF21E36-96E7-4702-86D1-8279F23F8460}.Release|x86.Build.0 = Release|Win32
		{C6A262D1-B931-42FD-BFCE-E0CF20D80951}.Debug|x64.ActiveCfg = Debug|x64
		{C6A262D1-B931-42FD-BFCE-E0CF20D80951}.Debug|x64.Build.0 = Debug|x64
		{C6A262D1-B931-42FD-BFCE-E0CF20D80951}.Debug|x86.ActiveCfg = Debug|Win32
		{C6A262D1-B931-42FD-BFCE-E0CF20D80951}.Debug|x86.Build.0 = Debug|Win32
		{C6A262D1-B931-42FD-BFCE-E0CF20D80951}.Release|x64.ActiveCfg = Release|x64
		{C6A262D1-B931-42FD-BFCE-E0CF20D80951}.Release|x64.Build.0 = Release|x64
		{C6A262D1-B931-42FD-BFCE-E0CF20D80951}.Release|x86.ActiveCfg = Release|Win32
		{C6A262D1-B931-42FD-BFCE-E0CF20D80951}.Release|x86.Build.0 = Release|Win32
		{ADC70EC7-C1F1-4742-B96E-3CB0D9016CC1}.Debug|x64.ActiveCfg = Debug|x64
		{ADC70EC7-C1F1-4742-B96E-3CB0D9016CC1}.Debug|x64.Build.0 = Debug|x64
		{ADC70EC7-C1F1-4742-B96E-3CB0D9016CC1}.Debug|x86.ActiveCfg = Debug|Win32
		{ADC70EC7-C1F1-4742-B96E-3CB0D9016CC1}.Debug|x86.Build.0 = Debug|Win32
		{ADC70EC7-C1F1-4742-B96E-3CB0D9016CC1}.Release|x64.ActiveCfg = Release|x64
		{ADC70EC7-C1F1-4742-B96E-3CB0D9016CC1}.Release|x64.Build.0 = Release|x64
		{ADC70EC7-C1F1-4742-B96E-3CB0D9016CC1}.Release|x86.ActiveCfg = Release|Win32
		{ADC70EC7-C1F1-4742-B96E-3CB0D9016CC1}.Release|x86.Build.0 = Release|Win32
	EndGlobalSection
	GlobalSection(SolutionProperties) = preSolution
		HideSolutionNode = FALSE
	EndGlobalSection
	GlobalSection(ExtensibilityGlobals) = postSolution
		SolutionGuid = {757E3A54-8B9A-41F0-B4AF-6F5902650EB3}
	EndGlobalSection
EndGlobal
