
Microsoft Visual Studio Solution File, Format Version 12.00
# Visual Studio Version 17
VisualStudioVersion = 17.14.36518.9
MinimumVisualStudioVersion = 10.0.40219.1
Project("{8BC9CEB8-8B4A-11D0-8D11-00A0C91BC942}") = "Task 3", "Task 3\Task 3.vcxproj", "{DC479AE9-B77F-434B-8732-56EA2FA7B915}"
EndProject
Project("{8BC9CEB8-8B4A-11D0-8D11-00A0C91BC942}") = "task-3", "task-3\task-3.vcxproj", "{CDA75D55-56DD-434F-9788-EE861975021E}"
EndProject
Project("{8BC9CEB8-8B4A-11D0-8D11-00A0C91BC942}") = "task-4", "task-4\task-4.vcxproj", "{43125227-0FDF-4E41-BBFE-9727B5107FC7}"
EndProject
Project("{8BC9CEB8-8B4A-11D0-8D11-00A0C91BC942}") = "task-5", "task-5\task-5.vcxproj", "{F675477F-9974-4E2E-8C0C-D0B37D3F798D}"
EndProject
Project("{8BC9CEB8-8B4A-11D0-8D11-00A0C91BC942}") = "task-6", "task-6\task-6.vcxitems", "{F74393FA-014E-4FD1-987C-FD2CC5E80A42}"
EndProject
Project("{8BC9CEB8-8B4A-11D0-8D11-00A0C91BC942}") = "task-6.0", "task-6.0\task-6.0.vcxproj", "{FF6C9024-A337-4856-93FE-91DBBE36C31F}"
EndProject
Project("{8BC9CEB8-8B4A-11D0-8D11-00A0C91BC942}") = "task-7", "task-7\task-7.vcxproj", "{80C4E4B8-A51B-402A-BD58-79AE814F6BB7}"
EndProject
Project("{8BC9CEB8-8B4A-11D0-8D11-00A0C91BC942}") = "task-8", "task-8\task-8.vcxproj", "{4978011C-9CFA-4474-94AD-711BF0A78AF4}"
EndProject
Project("{8BC9CEB8-8B4A-11D0-8D11-00A0C91BC942}") = "task-9", "task-9\task-9.vcxproj", "{F7DA1E31-EB50-4F74-85E7-7977B9DBC309}"
EndProject
Project("{8BC9CEB8-8B4A-11D0-8D11-00A0C91BC942}") = "task-10", "task-10\task-10.vcxproj", "{57DC80DC-21C9-450B-A0F6-4C0758DACACB}"
EndProject
Project("{8BC9CEB8-8B4A-11D0-8D11-00A0C91BC942}") = "task-11", "task-11\task-11.vcxproj", "{C299F811-C748-4E37-BA9F-9F1E8084664A}"
EndProject
Project("{8BC9CEB8-8B4A-11D0-8D11-00A0C91BC942}") = "task-12", "task-12\task-12.vcxproj", "{5E42238C-43FB-4D73-919A-072A23FA21AC}"
EndProject
Project("{8BC9CEB8-8B4A-11D0-8D11-00A0C91BC942}") = "task-13", "task-13\task-13.vcxproj", "{1C16F229-80B1-4F35-B804-7CE10815990A}"
EndProject
Project("{8BC9CEB8-8B4A-11D0-8D11-00A0C91BC942}") = "task-14", "task-14\task-14.vcxproj", "{3831E5CF-E94B-44A0-B30D-042113D9A3A0}"
EndProject
Project("{8BC9CEB8-8B4A-11D0-8D11-00A0C91BC942}") = "task-15", "task-15\task-15.vcxproj", "{A187B180-2A59-404A-83AE-3F9292131A42}"
EndProject
Project("{8BC9CEB8-8B4A-11D0-8D11-00A0C91BC942}") = "task -16", "task -16\task -16.vcxproj", "{004450A6-8276-4406-BEDC-35B0A429685C}"
EndProject
Project("{8BC9CEB8-8B4A-11D0-8D11-00A0C91BC942}") = "task-17", "task-17\task-17.vcxproj", "{AACF50C8-4A8B-40B3-AB92-59A3DED62AA7}"
EndProject
Project("{8BC9CEB8-8B4A-11D0-8D11-00A0C91BC942}") = "task-18", "task-18\task-18.vcxproj", "{153A6FB1-D843-423E-89A4-72B44075A3FD}"
EndProject
Project("{8BC9CEB8-8B4A-11D0-8D11-00A0C91BC942}") = "task-19", "task-19\task-19.vcxproj", "{12A0525D-994B-419B-9FEB-568F0B23E0F9}"
EndProject
Project("{8BC9CEB8-8B4A-11D0-8D11-00A0C91BC942}") = "task-20", "task-20\task-20.vcxproj", "{7BCF7E30-BF45-432F-8DBF-0BC5A1E31B2F}"
EndProject
Project("{8BC9CEB8-8B4A-11D0-8D11-00A0C91BC942}") = "task-21", "task-21\task-21.vcxproj", "{A65BA6CA-2F61-4E09-9421-86945A2F5C3A}"
EndProject
Project("{8BC9CEB8-8B4A-11D0-8D11-00A0C91BC942}") = "task-2", "task-2\task-2.vcxproj", "{B628DEFF-7C8F-4740-8B1A-CB36E61404F0}"
EndProject
Global
	GlobalSection(SolutionConfigurationPlatforms) = preSolution
		Debug|x64 = Debug|x64
		Debug|x86 = Debug|x86
		Release|x64 = Release|x64
		Release|x86 = Release|x86
	EndGlobalSection
	GlobalSection(ProjectConfigurationPlatforms) = postSolution
		{DC479AE9-B77F-434B-8732-56EA2FA7B915}.Debug|x64.ActiveCfg = Debug|x64
		{DC479AE9-B77F-434B-8732-56EA2FA7B915}.Debug|x64.Build.0 = Debug|x64
		{DC479AE9-B77F-434B-8732-56EA2FA7B915}.Debug|x86.ActiveCfg = Debug|Win32
		{DC479AE9-B77F-434B-8732-56EA2FA7B915}.Debug|x86.Build.0 = Debug|Win32
		{DC479AE9-B77F-434B-8732-56EA2FA7B915}.Release|x64.ActiveCfg = Release|x64
		{DC479AE9-B77F-434B-8732-56EA2FA7B915}.Release|x64.Build.0 = Release|x64
		{DC479AE9-B77F-434B-8732-56EA2FA7B915}.Release|x86.ActiveCfg = Release|Win32
		{DC479AE9-B77F-434B-8732-56EA2FA7B915}.Release|x86.Build.0 = Release|Win32
		{CDA75D55-56DD-434F-9788-EE861975021E}.Debug|x64.ActiveCfg = Debug|x64
		{CDA75D55-56DD-434F-9788-EE861975021E}.Debug|x64.Build.0 = Debug|x64
		{CDA75D55-56DD-434F-9788-EE861975021E}.Debug|x86.ActiveCfg = Debug|Win32
		{CDA75D55-56DD-434F-9788-EE861975021E}.Debug|x86.Build.0 = Debug|Win32
		{CDA75D55-56DD-434F-9788-EE861975021E}.Release|x64.ActiveCfg = Release|x64
		{CDA75D55-56DD-434F-9788-EE861975021E}.Release|x64.Build.0 = Release|x64
		{CDA75D55-56DD-434F-9788-EE861975021E}.Release|x86.ActiveCfg = Release|Win32
		{CDA75D55-56DD-434F-9788-EE861975021E}.Release|x86.Build.0 = Release|Win32
		{43125227-0FDF-4E41-BBFE-9727B5107FC7}.Debug|x64.ActiveCfg = Debug|x64
		{43125227-0FDF-4E41-BBFE-9727B5107FC7}.Debug|x64.Build.0 = Debug|x64
		{43125227-0FDF-4E41-BBFE-9727B5107FC7}.Debug|x86.ActiveCfg = Debug|Win32
		{43125227-0FDF-4E41-BBFE-9727B5107FC7}.Debug|x86.Build.0 = Debug|Win32
		{43125227-0FDF-4E41-BBFE-9727B5107FC7}.Release|x64.ActiveCfg = Release|x64
		{43125227-0FDF-4E41-BBFE-9727B5107FC7}.Release|x64.Build.0 = Release|x64
		{43125227-0FDF-4E41-BBFE-9727B5107FC7}.Release|x86.ActiveCfg = Release|Win32
		{43125227-0FDF-4E41-BBFE-9727B5107FC7}.Release|x86.Build.0 = Release|Win32
		{F675477F-9974-4E2E-8C0C-D0B37D3F798D}.Debug|x64.ActiveCfg = Debug|x64
		{F675477F-9974-4E2E-8C0C-D0B37D3F798D}.Debug|x64.Build.0 = Debug|x64
		{F675477F-9974-4E2E-8C0C-D0B37D3F798D}.Debug|x86.ActiveCfg = Debug|Win32
		{F675477F-9974-4E2E-8C0C-D0B37D3F798D}.Debug|x86.Build.0 = Debug|Win32
		{F675477F-9974-4E2E-8C0C-D0B37D3F798D}.Release|x64.ActiveCfg = Release|x64
		{F675477F-9974-4E2E-8C0C-D0B37D3F798D}.Release|x64.Build.0 = Release|x64
		{F675477F-9974-4E2E-8C0C-D0B37D3F798D}.Release|x86.ActiveCfg = Release|Win32
		{F675477F-9974-4E2E-8C0C-D0B37D3F798D}.Release|x86.Build.0 = Release|Win32
		{FF6C9024-A337-4856-93FE-91DBBE36C31F}.Debug|x64.ActiveCfg = Debug|x64
		{FF6C9024-A337-4856-93FE-91DBBE36C31F}.Debug|x64.Build.0 = Debug|x64
		{FF6C9024-A337-4856-93FE-91DBBE36C31F}.Debug|x86.ActiveCfg = Debug|Win32
		{FF6C9024-A337-4856-93FE-91DBBE36C31F}.Debug|x86.Build.0 = Debug|Win32
		{FF6C9024-A337-4856-93FE-91DBBE36C31F}.Release|x64.ActiveCfg = Release|x64
		{FF6C9024-A337-4856-93FE-91DBBE36C31F}.Release|x64.Build.0 = Release|x64
		{FF6C9024-A337-4856-93FE-91DBBE36C31F}.Release|x86.ActiveCfg = Release|Win32
		{FF6C9024-A337-4856-93FE-91DBBE36C31F}.Release|x86.Build.0 = Release|Win32
		{80C4E4B8-A51B-402A-BD58-79AE814F6BB7}.Debug|x64.ActiveCfg = Debug|x64
		{80C4E4B8-A51B-402A-BD58-79AE814F6BB7}.Debug|x64.Build.0 = Debug|x64
		{80C4E4B8-A51B-402A-BD58-79AE814F6BB7}.Debug|x86.ActiveCfg = Debug|Win32
		{80C4E4B8-A51B-402A-BD58-79AE814F6BB7}.Debug|x86.Build.0 = Debug|Win32
		{80C4E4B8-A51B-402A-BD58-79AE814F6BB7}.Release|x64.ActiveCfg = Release|x64
		{80C4E4B8-A51B-402A-BD58-79AE814F6BB7}.Release|x64.Build.0 = Release|x64
		{80C4E4B8-A51B-402A-BD58-79AE814F6BB7}.Release|x86.ActiveCfg = Release|Win32
		{80C4E4B8-A51B-402A-BD58-79AE814F6BB7}.Release|x86.Build.0 = Release|Win32
		{4978011C-9CFA-4474-94AD-711BF0A78AF4}.Debug|x64.ActiveCfg = Debug|x64
		{4978011C-9CFA-4474-94AD-711BF0A78AF4}.Debug|x64.Build.0 = Debug|x64
		{4978011C-9CFA-4474-94AD-711BF0A78AF4}.Debug|x86.ActiveCfg = Debug|Win32
		{4978011C-9CFA-4474-94AD-711BF0A78AF4}.Debug|x86.Build.0 = Debug|Win32
		{4978011C-9CFA-4474-94AD-711BF0A78AF4}.Release|x64.ActiveCfg = Release|x64
		{4978011C-9CFA-4474-94AD-711BF0A78AF4}.Release|x64.Build.0 = Release|x64
		{4978011C-9CFA-4474-94AD-711BF0A78AF4}.Release|x86.ActiveCfg = Release|Win32
		{4978011C-9CFA-4474-94AD-711BF0A78AF4}.Release|x86.Build.0 = Release|Win32
		{F7DA1E31-EB50-4F74-85E7-7977B9DBC309}.Debug|x64.ActiveCfg = Debug|x64
		{F7DA1E31-EB50-4F74-85E7-7977B9DBC309}.Debug|x64.Build.0 = Debug|x64
		{F7DA1E31-EB50-4F74-85E7-7977B9DBC309}.Debug|x86.ActiveCfg = Debug|Win32
		{F7DA1E31-EB50-4F74-85E7-7977B9DBC309}.Debug|x86.Build.0 = Debug|Win32
		{F7DA1E31-EB50-4F74-85E7-7977B9DBC309}.Release|x64.ActiveCfg = Release|x64
		{F7DA1E31-EB50-4F74-85E7-7977B9DBC309}.Release|x64.Build.0 = Release|x64
		{F7DA1E31-EB50-4F74-85E7-7977B9DBC309}.Release|x86.ActiveCfg = Release|Win32
		{F7DA1E31-EB50-4F74-85E7-7977B9DBC309}.Release|x86.Build.0 = Release|Win32
		{57DC80DC-21C9-450B-A0F6-4C0758DACACB}.Debug|x64.ActiveCfg = Debug|x64
		{57DC80DC-21C9-450B-A0F6-4C0758DACACB}.Debug|x64.Build.0 = Debug|x64
		{57DC80DC-21C9-450B-A0F6-4C0758DACACB}.Debug|x86.ActiveCfg = Debug|Win32
		{57DC80DC-21C9-450B-A0F6-4C0758DACACB}.Debug|x86.Build.0 = Debug|Win32
		{57DC80DC-21C9-450B-A0F6-4C0758DACACB}.Release|x64.ActiveCfg = Release|x64
		{57DC80DC-21C9-450B-A0F6-4C0758DACACB}.Release|x64.Build.0 = Release|x64
		{57DC80DC-21C9-450B-A0F6-4C0758DACACB}.Release|x86.ActiveCfg = Release|Win32
		{57DC80DC-21C9-450B-A0F6-4C0758DACACB}.Release|x86.Build.0 = Release|Win32
		{C299F811-C748-4E37-BA9F-9F1E8084664A}.Debug|x64.ActiveCfg = Debug|x64
		{C299F811-C748-4E37-BA9F-9F1E8084664A}.Debug|x64.Build.0 = Debug|x64
		{C299F811-C748-4E37-BA9F-9F1E8084664A}.Debug|x86.ActiveCfg = Debug|Win32
		{C299F811-C748-4E37-BA9F-9F1E8084664A}.Debug|x86.Build.0 = Debug|Win32
		{C299F811-C748-4E37-BA9F-9F1E8084664A}.Release|x64.ActiveCfg = Release|x64
		{C299F811-C748-4E37-BA9F-9F1E8084664A}.Release|x64.Build.0 = Release|x64
		{C299F811-C748-4E37-BA9F-9F1E8084664A}.Release|x86.ActiveCfg = Release|Win32
		{C299F811-C748-4E37-BA9F-9F1E8084664A}.Release|x86.Build.0 = Release|Win32
		{5E42238C-43FB-4D73-919A-072A23FA21AC}.Debug|x64.ActiveCfg = Debug|x64
		{5E42238C-43FB-4D73-919A-072A23FA21AC}.Debug|x64.Build.0 = Debug|x64
		{5E42238C-43FB-4D73-919A-072A23FA21AC}.Debug|x86.ActiveCfg = Debug|Win32
		{5E42238C-43FB-4D73-919A-072A23FA21AC}.Debug|x86.Build.0 = Debug|Win32
		{5E42238C-43FB-4D73-919A-072A23FA21AC}.Release|x64.ActiveCfg = Release|x64
		{5E42238C-43FB-4D73-919A-072A23FA21AC}.Release|x64.Build.0 = Release|x64
		{5E42238C-43FB-4D73-919A-072A23FA21AC}.Release|x86.ActiveCfg = Release|Win32
		{5E42238C-43FB-4D73-919A-072A23FA21AC}.Release|x86.Build.0 = Release|Win32
		{1C16F229-80B1-4F35-B804-7CE10815990A}.Debug|x64.ActiveCfg = Debug|x64
		{1C16F229-80B1-4F35-B804-7CE10815990A}.Debug|x64.Build.0 = Debug|x64
		{1C16F229-80B1-4F35-B804-7CE10815990A}.Debug|x86.ActiveCfg = Debug|Win32
		{1C16F229-80B1-4F35-B804-7CE10815990A}.Debug|x86.Build.0 = Debug|Win32
		{1C16F229-80B1-4F35-B804-7CE10815990A}.Release|x64.ActiveCfg = Release|x64
		{1C16F229-80B1-4F35-B804-7CE10815990A}.Release|x64.Build.0 = Release|x64
		{1C16F229-80B1-4F35-B804-7CE10815990A}.Release|x86.ActiveCfg = Release|Win32
		{1C16F229-80B1-4F35-B804-7CE10815990A}.Release|x86.Build.0 = Release|Win32
		{3831E5CF-E94B-44A0-B30D-042113D9A3A0}.Debug|x64.ActiveCfg = Debug|x64
		{3831E5CF-E94B-44A0-B30D-042113D9A3A0}.Debug|x64.Build.0 = Debug|x64
		{3831E5CF-E94B-44A0-B30D-042113D9A3A0}.Debug|x86.ActiveCfg = Debug|Win32
		{3831E5CF-E94B-44A0-B30D-042113D9A3A0}.Debug|x86.Build.0 = Debug|Win32
		{3831E5CF-E94B-44A0-B30D-042113D9A3A0}.Release|x64.ActiveCfg = Release|x64
		{3831E5CF-E94B-44A0-B30D-042113D9A3A0}.Release|x64.Build.0 = Release|x64
		{3831E5CF-E94B-44A0-B30D-042113D9A3A0}.Release|x86.ActiveCfg = Release|Win32
		{3831E5CF-E94B-44A0-B30D-042113D9A3A0}.Release|x86.Build.0 = Release|Win32
		{A187B180-2A59-404A-83AE-3F9292131A42}.Debug|x64.ActiveCfg = Debug|x64
		{A187B180-2A59-404A-83AE-3F9292131A42}.Debug|x64.Build.0 = Debug|x64
		{A187B180-2A59-404A-83AE-3F9292131A42}.Debug|x86.ActiveCfg = Debug|Win32
		{A187B180-2A59-404A-83AE-3F9292131A42}.Debug|x86.Build.0 = Debug|Win32
		{A187B180-2A59-404A-83AE-3F9292131A42}.Release|x64.ActiveCfg = Release|x64
		{A187B180-2A59-404A-83AE-3F9292131A42}.Release|x64.Build.0 = Release|x64
		{A187B180-2A59-404A-83AE-3F9292131A42}.Release|x86.ActiveCfg = Release|Win32
		{A187B180-2A59-404A-83AE-3F9292131A42}.Release|x86.Build.0 = Release|Win32
		{004450A6-8276-4406-BEDC-35B0A429685C}.Debug|x64.ActiveCfg = Debug|x64
		{004450A6-8276-4406-BEDC-35B0A429685C}.Debug|x64.Build.0 = Debug|x64
		{004450A6-8276-4406-BEDC-35B0A429685C}.Debug|x86.ActiveCfg = Debug|Win32
		{004450A6-8276-4406-BEDC-35B0A429685C}.Debug|x86.Build.0 = Debug|Win32
		{004450A6-8276-4406-BEDC-35B0A429685C}.Release|x64.ActiveCfg = Release|x64
		{004450A6-8276-4406-BEDC-35B0A429685C}.Release|x64.Build.0 = Release|x64
		{004450A6-8276-4406-BEDC-35B0A429685C}.Release|x86.ActiveCfg = Release|Win32
		{004450A6-8276-4406-BEDC-35B0A429685C}.Release|x86.Build.0 = Release|Win32
		{AACF50C8-4A8B-40B3-AB92-59A3DED62AA7}.Debug|x64.ActiveCfg = Debug|x64
		{AACF50C8-4A8B-40B3-AB92-59A3DED62AA7}.Debug|x64.Build.0 = Debug|x64
		{AACF50C8-4A8B-40B3-AB92-59A3DED62AA7}.Debug|x86.ActiveCfg = Debug|Win32
		{AACF50C8-4A8B-40B3-AB92-59A3DED62AA7}.Debug|x86.Build.0 = Debug|Win32
		{AACF50C8-4A8B-40B3-AB92-59A3DED62AA7}.Release|x64.ActiveCfg = Release|x64
		{AACF50C8-4A8B-40B3-AB92-59A3DED62AA7}.Release|x64.Build.0 = Release|x64
		{AACF50C8-4A8B-40B3-AB92-59A3DED62AA7}.Release|x86.ActiveCfg = Release|Win32
		{AACF50C8-4A8B-40B3-AB92-59A3DED62AA7}.Release|x86.Build.0 = Release|Win32
		{153A6FB1-D843-423E-89A4-72B44075A3FD}.Debug|x64.ActiveCfg = Debug|x64
		{153A6FB1-D843-423E-89A4-72B44075A3FD}.Debug|x64.Build.0 = Debug|x64
		{153A6FB1-D843-423E-89A4-72B44075A3FD}.Debug|x86.ActiveCfg = Debug|Win32
		{153A6FB1-D843-423E-89A4-72B44075A3FD}.Debug|x86.Build.0 = Debug|Win32
		{153A6FB1-D843-423E-89A4-72B44075A3FD}.Release|x64.ActiveCfg = Release|x64
		{153A6FB1-D843-423E-89A4-72B44075A3FD}.Release|x64.Build.0 = Release|x64
		{153A6FB1-D843-423E-89A4-72B44075A3FD}.Release|x86.ActiveCfg = Release|Win32
		{153A6FB1-D843-423E-89A4-72B44075A3FD}.Release|x86.Build.0 = Release|Win32
		{12A0525D-994B-419B-9FEB-568F0B23E0F9}.Debug|x64.ActiveCfg = Debug|x64
		{12A0525D-994B-419B-9FEB-568F0B23E0F9}.Debug|x64.Build.0 = Debug|x64
		{12A0525D-994B-419B-9FEB-568F0B23E0F9}.Debug|x86.ActiveCfg = Debug|Win32
		{12A0525D-994B-419B-9FEB-568F0B23E0F9}.Debug|x86.Build.0 = Debug|Win32
		{12A0525D-994B-419B-9FEB-568F0B23E0F9}.Release|x64.ActiveCfg = Release|x64
		{12A0525D-994B-419B-9FEB-568F0B23E0F9}.Release|x64.Build.0 = Release|x64
		{12A0525D-994B-419B-9FEB-568F0B23E0F9}.Release|x86.ActiveCfg = Release|Win32
		{12A0525D-994B-419B-9FEB-568F0B23E0F9}.Release|x86.Build.0 = Release|Win32
		{7BCF7E30-BF45-432F-8DBF-0BC5A1E31B2F}.Debug|x64.ActiveCfg = Debug|x64
		{7BCF7E30-BF45-432F-8DBF-0BC5A1E31B2F}.Debug|x64.Build.0 = Debug|x64
		{7BCF7E30-BF45-432F-8DBF-0BC5A1E31B2F}.Debug|x86.ActiveCfg = Debug|Win32
		{7BCF7E30-BF45-432F-8DBF-0BC5A1E31B2F}.Debug|x86.Build.0 = Debug|Win32
		{7BCF7E30-BF45-432F-8DBF-0BC5A1E31B2F}.Release|x64.ActiveCfg = Release|x64
		{7BCF7E30-BF45-432F-8DBF-0BC5A1E31B2F}.Release|x64.Build.0 = Release|x64
		{7BCF7E30-BF45-432F-8DBF-0BC5A1E31B2F}.Release|x86.ActiveCfg = Release|Win32
		{7BCF7E30-BF45-432F-8DBF-0BC5A1E31B2F}.Release|x86.Build.0 = Release|Win32
		{A65BA6CA-2F61-4E09-9421-86945A2F5C3A}.Debug|x64.ActiveCfg = Debug|x64
		{A65BA6CA-2F61-4E09-9421-86945A2F5C3A}.Debug|x64.Build.0 = Debug|x64
		{A65BA6CA-2F61-4E09-9421-86945A2F5C3A}.Debug|x86.ActiveCfg = Debug|Win32
		{A65BA6CA-2F61-4E09-9421-86945A2F5C3A}.Debug|x86.Build.0 = Debug|Win32
		{A65BA6CA-2F61-4E09-9421-86945A2F5C3A}.Release|x64.ActiveCfg = Release|x64
		{A65BA6CA-2F61-4E09-9421-86945A2F5C3A}.Release|x64.Build.0 = Release|x64
		{A65BA6CA-2F61-4E09-9421-86945A2F5C3A}.Release|x86.ActiveCfg = Release|Win32
		{A65BA6CA-2F61-4E09-9421-86945A2F5C3A}.Release|x86.Build.0 = Release|Win32
		{B628DEFF-7C8F-4740-8B1A-CB36E61404F0}.Debug|x64.ActiveCfg = Debug|x64
		{B628DEFF-7C8F-4740-8B1A-CB36E61404F0}.Debug|x64.Build.0 = Debug|x64
		{B628DEFF-7C8F-4740-8B1A-CB36E61404F0}.Debug|x86.ActiveCfg = Debug|Win32
		{B628DEFF-7C8F-4740-8B1A-CB36E61404F0}.Debug|x86.Build.0 = Debug|Win32
		{B628DEFF-7C8F-4740-8B1A-CB36E61404F0}.Release|x64.ActiveCfg = Release|x64
		{B628DEFF-7C8F-4740-8B1A-CB36E61404F0}.Release|x64.Build.0 = Release|x64
		{B628DEFF-7C8F-4740-8B1A-CB36E61404F0}.Release|x86.ActiveCfg = Release|Win32
		{B628DEFF-7C8F-4740-8B1A-CB36E61404F0}.Release|x86.Build.0 = Release|Win32
	EndGlobalSection
	GlobalSection(SolutionProperties) = preSolution
		HideSolutionNode = FALSE
	EndGlobalSection
	GlobalSection(ExtensibilityGlobals) = postSolution
		SolutionGuid = {9A0C8937-9EAC-409F-BB4D-819FAC8E28BF}
	EndGlobalSection
EndGlobal
