
Microsoft Visual Studio Solution File, Format Version 12.00
# Visual Studio Version 17
VisualStudioVersion = 17.14.36518.9 d17.14
MinimumVisualStudioVersion = 10.0.40219.1
Project("{8BC9CEB8-8B4A-11D0-8D11-00A0C91BC942}") = "task 1", "task 1\task 1.vcxproj", "{38109B91-4FE7-45E9-BC26-BB8496BF5944}"
EndProject
Project("{8BC9CEB8-8B4A-11D0-8D11-00A0C91BC942}") = "task 2", "task 2\task 2.vcxproj", "{7CA35384-E169-4B83-8BFF-24B70A2F8F9B}"
EndProject
Project("{8BC9CEB8-8B4A-11D0-8D11-00A0C91BC942}") = "task 3", "task 3\task 3.vcxproj", "{478C5EB7-0806-4228-A82A-CD5DE63C8B6A}"
EndProject
Project("{8BC9CEB8-8B4A-11D0-8D11-00A0C91BC942}") = "task 4", "task 4\task 4.vcxproj", "{E1B3074F-DEE5-499F-AB13-4E7269789FD9}"
EndProject
Project("{8BC9CEB8-8B4A-11D0-8D11-00A0C91BC942}") = "task 5", "task 5\task 5.vcxproj", "{E942F2C6-6156-4778-8BF1-1CEA8C971E2B}"
EndProject
Project("{8BC9CEB8-8B4A-11D0-8D11-00A0C91BC942}") = "task 6", "task 6\task 6.vcxproj", "{3F77DDBE-E98C-494E-9FEB-44FF1CBAB698}"
EndProject
Global
	GlobalSection(SolutionConfigurationPlatforms) = preSolution
		Debug|x64 = Debug|x64
		Debug|x86 = Debug|x86
		Release|x64 = Release|x64
		Release|x86 = Release|x86
	EndGlobalSection
	GlobalSection(ProjectConfigurationPlatforms) = postSolution
		{38109B91-4FE7-45E9-BC26-BB8496BF5944}.Debug|x64.ActiveCfg = Debug|x64
		{38109B91-4FE7-45E9-BC26-BB8496BF5944}.Debug|x64.Build.0 = Debug|x64
		{38109B91-4FE7-45E9-BC26-BB8496BF5944}.Debug|x86.ActiveCfg = Debug|Win32
		{38109B91-4FE7-45E9-BC26-BB8496BF5944}.Debug|x86.Build.0 = Debug|Win32
		{38109B91-4FE7-45E9-BC26-BB8496BF5944}.Release|x64.ActiveCfg = Release|x64
		{38109B91-4FE7-45E9-BC26-BB8496BF5944}.Release|x64.Build.0 = Release|x64
		{38109B91-4FE7-45E9-BC26-BB8496BF5944}.Release|x86.ActiveCfg = Release|Win32
		{38109B91-4FE7-45E9-BC26-BB8496BF5944}.Release|x86.Build.0 = Release|Win32
		{7CA35384-E169-4B83-8BFF-24B70A2F8F9B}.Debug|x64.ActiveCfg = Debug|x64
		{7CA35384-E169-4B83-8BFF-24B70A2F8F9B}.Debug|x64.Build.0 = Debug|x64
		{7CA35384-E169-4B83-8BFF-24B70A2F8F9B}.Debug|x86.ActiveCfg = Debug|Win32
		{7CA35384-E169-4B83-8BFF-24B70A2F8F9B}.Debug|x86.Build.0 = Debug|Win32
		{7CA35384-E169-4B83-8BFF-24B70A2F8F9B}.Release|x64.ActiveCfg = Release|x64
		{7CA35384-E169-4B83-8BFF-24B70A2F8F9B}.Release|x64.Build.0 = Release|x64
		{7CA35384-E169-4B83-8BFF-24B70A2F8F9B}.Release|x86.ActiveCfg = Release|Win32
		{7CA35384-E169-4B83-8BFF-24B70A2F8F9B}.Release|x86.Build.0 = Release|Win32
		{478C5EB7-0806-4228-A82A-CD5DE63C8B6A}.Debug|x64.ActiveCfg = Debug|x64
		{478C5EB7-0806-4228-A82A-CD5DE63C8B6A}.Debug|x64.Build.0 = Debug|x64
		{478C5EB7-0806-4228-A82A-CD5DE63C8B6A}.Debug|x86.ActiveCfg = Debug|Win32
		{478C5EB7-0806-4228-A82A-CD5DE63C8B6A}.Debug|x86.Build.0 = Debug|Win32
		{478C5EB7-0806-4228-A82A-CD5DE63C8B6A}.Release|x64.ActiveCfg = Release|x64
		{478C5EB7-0806-4228-A82A-CD5DE63C8B6A}.Release|x64.Build.0 = Release|x64
		{478C5EB7-0806-4228-A82A-CD5DE63C8B6A}.Release|x86.ActiveCfg = Release|Win32
		{478C5EB7-0806-4228-A82A-CD5DE63C8B6A}.Release|x86.Build.0 = Release|Win32
		{E1B3074F-DEE5-499F-AB13-4E7269789FD9}.Debug|x64.ActiveCfg = Debug|x64
		{E1B3074F-DEE5-499F-AB13-4E7269789FD9}.Debug|x64.Build.0 = Debug|x64
		{E1B3074F-DEE5-499F-AB13-4E7269789FD9}.Debug|x86.ActiveCfg = Debug|Win32
		{E1B3074F-DEE5-499F-AB13-4E7269789FD9}.Debug|x86.Build.0 = Debug|Win32
		{E1B3074F-DEE5-499F-AB13-4E7269789FD9}.Release|x64.ActiveCfg = Release|x64
		{E1B3074F-DEE5-499F-AB13-4E7269789FD9}.Release|x64.Build.0 = Release|x64
		{E1B3074F-DEE5-499F-AB13-4E7269789FD9}.Release|x86.ActiveCfg = Release|Win32
		{E1B3074F-DEE5-499F-AB13-4E7269789FD9}.Release|x86.Build.0 = Release|Win32
		{E942F2C6-6156-4778-8BF1-1CEA8C971E2B}.Debug|x64.ActiveCfg = Debug|x64
		{E942F2C6-6156-4778-8BF1-1CEA8C971E2B}.Debug|x64.Build.0 = Debug|x64
		{E942F2C6-6156-4778-8BF1-1CEA8C971E2B}.Debug|x86.ActiveCfg = Debug|Win32
		{E942F2C6-6156-4778-8BF1-1CEA8C971E2B}.Debug|x86.Build.0 = Debug|Win32
		{E942F2C6-6156-4778-8BF1-1CEA8C971E2B}.Release|x64.ActiveCfg = Release|x64
		{E942F2C6-6156-4778-8BF1-1CEA8C971E2B}.Release|x64.Build.0 = Release|x64
		{E942F2C6-6156-4778-8BF1-1CEA8C971E2B}.Release|x86.ActiveCfg = Release|Win32
		{E942F2C6-6156-4778-8BF1-1CEA8C971E2B}.Release|x86.Build.0 = Release|Win32
		{3F77DDBE-E98C-494E-9FEB-44FF1CBAB698}.Debug|x64.ActiveCfg = Debug|x64
		{3F77DDBE-E98C-494E-9FEB-44FF1CBAB698}.Debug|x64.Build.0 = Debug|x64
		{3F77DDBE-E98C-494E-9FEB-44FF1CBAB698}.Debug|x86.ActiveCfg = Debug|Win32
		{3F77DDBE-E98C-494E-9FEB-44FF1CBAB698}.Debug|x86.Build.0 = Debug|Win32
		{3F77DDBE-E98C-494E-9FEB-44FF1CBAB698}.Release|x64.ActiveCfg = Release|x64
		{3F77DDBE-E98C-494E-9FEB-44FF1CBAB698}.Release|x64.Build.0 = Release|x64
		{3F77DDBE-E98C-494E-9FEB-44FF1CBAB698}.Release|x86.ActiveCfg = Release|Win32
		{3F77DDBE-E98C-494E-9FEB-44FF1CBAB698}.Release|x86.Build.0 = Release|Win32
	EndGlobalSection
	GlobalSection(SolutionProperties) = preSolution
		HideSolutionNode = FALSE
	EndGlobalSection
	GlobalSection(ExtensibilityGlobals) = postSolution
		SolutionGuid = {A689054B-7DB7-423C-BDB3-67499D7E0214}
	EndGlobalSection
EndGlobal
