
Microsoft Visual Studio Solution File, Format Version 12.00
# Visual Studio Version 17
VisualStudioVersion = 17.14.36518.9
MinimumVisualStudioVersion = 10.0.40219.1
Project("{8BC9CEB8-8B4A-11D0-8D11-00A0C91BC942}") = "task 1", "task 1\task 1.vcxproj", "{28CE3229-6728-4C71-B92F-53E9842F928A}"
EndProject
Project("{8BC9CEB8-8B4A-11D0-8D11-00A0C91BC942}") = "task 2", "task 2\task 2.vcxproj", "{A26EA799-4E4F-4491-9302-F2A17B2D23A4}"
EndProject
Project("{8BC9CEB8-8B4A-11D0-8D11-00A0C91BC942}") = "task 3", "task 3\task 3.vcxproj", "{D95E15AB-6793-4686-88EF-C2F194C328B7}"
EndProject
Project("{8BC9CEB8-8B4A-11D0-8D11-00A0C91BC942}") = "task 4", "task 4\task 4.vcxproj", "{803CDE27-E9EB-411A-9A8E-EB0242AE7474}"
EndProject
Project("{8BC9CEB8-8B4A-11D0-8D11-00A0C91BC942}") = "task-4", "task-4\task-4.vcxproj", "{190FDBE6-F916-4707-A5CC-9B3598E1BBE6}"
EndProject
Project("{8BC9CEB8-8B4A-11D0-8D11-00A0C91BC942}") = "task 5", "task 5\task 5.vcxproj", "{382BDBDB-42D0-4F3C-A745-20BB756FD1A1}"
EndProject
Project("{8BC9CEB8-8B4A-11D0-8D11-00A0C91BC942}") = "task 6", "task 6\task 6.vcxproj", "{85F0A127-6E18-4313-BE78-5D493BF47942}"
EndProject
Project("{8BC9CEB8-8B4A-11D0-8D11-00A0C91BC942}") = "task 7", "task 7\task 7.vcxproj", "{A423992C-7166-4B43-AC82-DB4A62E90A84}"
EndProject
Project("{8BC9CEB8-8B4A-11D0-8D11-00A0C91BC942}") = "task 8", "task 8\task 8.vcxproj", "{76B2A469-C61C-4F67-8FC6-4FE41F7291DD}"
EndProject
Global
	GlobalSection(SolutionConfigurationPlatforms) = preSolution
		Debug|x64 = Debug|x64
		Debug|x86 = Debug|x86
		Release|x64 = Release|x64
		Release|x86 = Release|x86
	EndGlobalSection
	GlobalSection(ProjectConfigurationPlatforms) = postSolution
		{28CE3229-6728-4C71-B92F-53E9842F928A}.Debug|x64.ActiveCfg = Debug|x64
		{28CE3229-6728-4C71-B92F-53E9842F928A}.Debug|x64.Build.0 = Debug|x64
		{28CE3229-6728-4C71-B92F-53E9842F928A}.Debug|x86.ActiveCfg = Debug|Win32
		{28CE3229-6728-4C71-B92F-53E9842F928A}.Debug|x86.Build.0 = Debug|Win32
		{28CE3229-6728-4C71-B92F-53E9842F928A}.Release|x64.ActiveCfg = Release|x64
		{28CE3229-6728-4C71-B92F-53E9842F928A}.Release|x64.Build.0 = Release|x64
		{28CE3229-6728-4C71-B92F-53E9842F928A}.Release|x86.ActiveCfg = Release|Win32
		{28CE3229-6728-4C71-B92F-53E9842F928A}.Release|x86.Build.0 = Release|Win32
		{A26EA799-4E4F-4491-9302-F2A17B2D23A4}.Debug|x64.ActiveCfg = Debug|x64
		{A26EA799-4E4F-4491-9302-F2A17B2D23A4}.Debug|x64.Build.0 = Debug|x64
		{A26EA799-4E4F-4491-9302-F2A17B2D23A4}.Debug|x86.ActiveCfg = Debug|Win32
		{A26EA799-4E4F-4491-9302-F2A17B2D23A4}.Debug|x86.Build.0 = Debug|Win32
		{A26EA799-4E4F-4491-9302-F2A17B2D23A4}.Release|x64.ActiveCfg = Release|x64
		{A26EA799-4E4F-4491-9302-F2A17B2D23A4}.Release|x64.Build.0 = Release|x64
		{A26EA799-4E4F-4491-9302-F2A17B2D23A4}.Release|x86.ActiveCfg = Release|Win32
		{A26EA799-4E4F-4491-9302-F2A17B2D23A4}.Release|x86.Build.0 = Release|Win32
		{D95E15AB-6793-4686-88EF-C2F194C328B7}.Debug|x64.ActiveCfg = Debug|x64
		{D95E15AB-6793-4686-88EF-C2F194C328B7}.Debug|x64.Build.0 = Debug|x64
		{D95E15AB-6793-4686-88EF-C2F194C328B7}.Debug|x86.ActiveCfg = Debug|Win32
		{D95E15AB-6793-4686-88EF-C2F194C328B7}.Debug|x86.Build.0 = Debug|Win32
		{D95E15AB-6793-4686-88EF-C2F194C328B7}.Release|x64.ActiveCfg = Release|x64
		{D95E15AB-6793-4686-88EF-C2F194C328B7}.Release|x64.Build.0 = Release|x64
		{D95E15AB-6793-4686-88EF-C2F194C328B7}.Release|x86.ActiveCfg = Release|Win32
		{D95E15AB-6793-4686-88EF-C2F194C328B7}.Release|x86.Build.0 = Release|Win32
		{803CDE27-E9EB-411A-9A8E-EB0242AE7474}.Debug|x64.ActiveCfg = Debug|x64
		{803CDE27-E9EB-411A-9A8E-EB0242AE7474}.Debug|x64.Build.0 = Debug|x64
		{803CDE27-E9EB-411A-9A8E-EB0242AE7474}.Debug|x86.ActiveCfg = Debug|Win32
		{803CDE27-E9EB-411A-9A8E-EB0242AE7474}.Debug|x86.Build.0 = Debug|Win32
		{803CDE27-E9EB-411A-9A8E-EB0242AE7474}.Release|x64.ActiveCfg = Release|x64
		{803CDE27-E9EB-411A-9A8E-EB0242AE7474}.Release|x64.Build.0 = Release|x64
		{803CDE27-E9EB-411A-9A8E-EB0242AE7474}.Release|x86.ActiveCfg = Release|Win32
		{803CDE27-E9EB-411A-9A8E-EB0242AE7474}.Release|x86.Build.0 = Release|Win32
		{190FDBE6-F916-4707-A5CC-9B3598E1BBE6}.Debug|x64.ActiveCfg = Debug|x64
		{190FDBE6-F916-4707-A5CC-9B3598E1BBE6}.Debug|x64.Build.0 = Debug|x64
		{190FDBE6-F916-4707-A5CC-9B3598E1BBE6}.Debug|x86.ActiveCfg = Debug|Win32
		{190FDBE6-F916-4707-A5CC-9B3598E1BBE6}.Debug|x86.Build.0 = Debug|Win32
		{190FDBE6-F916-4707-A5CC-9B3598E1BBE6}.Release|x64.ActiveCfg = Release|x64
		{190FDBE6-F916-4707-A5CC-9B3598E1BBE6}.Release|x64.Build.0 = Release|x64
		{190FDBE6-F916-4707-A5CC-9B3598E1BBE6}.Release|x86.ActiveCfg = Release|Win32
		{190FDBE6-F916-4707-A5CC-9B3598E1BBE6}.Release|x86.Build.0 = Release|Win32
		{382BDBDB-42D0-4F3C-A745-20BB756FD1A1}.Debug|x64.ActiveCfg = Debug|x64
		{382BDBDB-42D0-4F3C-A745-20BB756FD1A1}.Debug|x64.Build.0 = Debug|x64
		{382BDBDB-42D0-4F3C-A745-20BB756FD1A1}.Debug|x86.ActiveCfg = Debug|Win32
		{382BDBDB-42D0-4F3C-A745-20BB756FD1A1}.Debug|x86.Build.0 = Debug|Win32
		{382BDBDB-42D0-4F3C-A745-20BB756FD1A1}.Release|x64.ActiveCfg = Release|x64
		{382BDBDB-42D0-4F3C-A745-20BB756FD1A1}.Release|x64.Build.0 = Release|x64
		{382BDBDB-42D0-4F3C-A745-20BB756FD1A1}.Release|x86.ActiveCfg = Release|Win32
		{382BDBDB-42D0-4F3C-A745-20BB756FD1A1}.Release|x86.Build.0 = Release|Win32
		{85F0A127-6E18-4313-BE78-5D493BF47942}.Debug|x64.ActiveCfg = Debug|x64
		{85F0A127-6E18-4313-BE78-5D493BF47942}.Debug|x64.Build.0 = Debug|x64
		{85F0A127-6E18-4313-BE78-5D493BF47942}.Debug|x86.ActiveCfg = Debug|Win32
		{85F0A127-6E18-4313-BE78-5D493BF47942}.Debug|x86.Build.0 = Debug|Win32
		{85F0A127-6E18-4313-BE78-5D493BF47942}.Release|x64.ActiveCfg = Release|x64
		{85F0A127-6E18-4313-BE78-5D493BF47942}.Release|x64.Build.0 = Release|x64
		{85F0A127-6E18-4313-BE78-5D493BF47942}.Release|x86.ActiveCfg = Release|Win32
		{85F0A127-6E18-4313-BE78-5D493BF47942}.Release|x86.Build.0 = Release|Win32
		{A423992C-7166-4B43-AC82-DB4A62E90A84}.Debug|x64.ActiveCfg = Debug|x64
		{A423992C-7166-4B43-AC82-DB4A62E90A84}.Debug|x64.Build.0 = Debug|x64
		{A423992C-7166-4B43-AC82-DB4A62E90A84}.Debug|x86.ActiveCfg = Debug|Win32
		{A423992C-7166-4B43-AC82-DB4A62E90A84}.Debug|x86.Build.0 = Debug|Win32
		{A423992C-7166-4B43-AC82-DB4A62E90A84}.Release|x64.ActiveCfg = Release|x64
		{A423992C-7166-4B43-AC82-DB4A62E90A84}.Release|x64.Build.0 = Release|x64
		{A423992C-7166-4B43-AC82-DB4A62E90A84}.Release|x86.ActiveCfg = Release|Win32
		{A423992C-7166-4B43-AC82-DB4A62E90A84}.Release|x86.Build.0 = Release|Win32
		{76B2A469-C61C-4F67-8FC6-4FE41F7291DD}.Debug|x64.ActiveCfg = Debug|x64
		{76B2A469-C61C-4F67-8FC6-4FE41F7291DD}.Debug|x64.Build.0 = Debug|x64
		{76B2A469-C61C-4F67-8FC6-4FE41F7291DD}.Debug|x86.ActiveCfg = Debug|Win32
		{76B2A469-C61C-4F67-8FC6-4FE41F7291DD}.Debug|x86.Build.0 = Debug|Win32
		{76B2A469-C61C-4F67-8FC6-4FE41F7291DD}.Release|x64.ActiveCfg = Release|x64
		{76B2A469-C61C-4F67-8FC6-4FE41F7291DD}.Release|x64.Build.0 = Release|x64
		{76B2A469-C61C-4F67-8FC6-4FE41F7291DD}.Release|x86.ActiveCfg = Release|Win32
		{76B2A469-C61C-4F67-8FC6-4FE41F7291DD}.Release|x86.Build.0 = Release|Win32
	EndGlobalSection
	GlobalSection(SolutionProperties) = preSolution
		HideSolutionNode = FALSE
	EndGlobalSection
	GlobalSection(ExtensibilityGlobals) = postSolution
		SolutionGuid = {6E6AD326-8237-45AC-91C6-BAB076569116}
	EndGlobalSection
EndGlobal
