
Microsoft Visual Studio Solution File, Format Version 12.00
# Visual Studio Version 17
VisualStudioVersion = 17.14.36518.9
MinimumVisualStudioVersion = 10.0.40219.1
Project("{8BC9CEB8-8B4A-11D0-8D11-00A0C91BC942}") = "task 1", "task 1\task 1.vcxproj", "{63A32064-2471-4A6F-B292-F36C03F6634A}"
EndProject
Project("{8BC9CEB8-8B4A-11D0-8D11-00A0C91BC942}") = "task 2", "task 2\task 2.vcxproj", "{547306DD-6C31-42E5-B279-D3451AD4CB3D}"
EndProject
Project("{8BC9CEB8-8B4A-11D0-8D11-00A0C91BC942}") = "task 3", "task 3\task 3.vcxproj", "{7A18F227-7A38-4F1B-A0A1-9E973E0C4096}"
EndProject
Project("{8BC9CEB8-8B4A-11D0-8D11-00A0C91BC942}") = "task 4", "task 4\task 4.vcxproj", "{B2735C75-8EE8-4FD8-9B00-5E1D1ABB67E7}"
EndProject
Project("{8BC9CEB8-8B4A-11D0-8D11-00A0C91BC942}") = "task 5", "task 5\task 5.vcxproj", "{DA76A8A4-FCF7-4D76-BC43-8476C4BD7095}"
EndProject
Project("{8BC9CEB8-8B4A-11D0-8D11-00A0C91BC942}") = "task 6", "task 6\task 6.vcxproj", "{05CF20BC-A7D3-4A0F-8B75-9945110ADA97}"
EndProject
Project("{8BC9CEB8-8B4A-11D0-8D11-00A0C91BC942}") = "task 7", "task 7\task 7.vcxproj", "{0ABA1C04-6419-42AE-87D7-91887667F4C8}"
EndProject
Project("{8BC9CEB8-8B4A-11D0-8D11-00A0C91BC942}") = "task 8", "task 8\task 8.vcxproj", "{D9D2EA9E-11A6-42C9-A8B6-9B3AFD153C5B}"
EndProject
Project("{8BC9CEB8-8B4A-11D0-8D11-00A0C91BC942}") = "task -8", "task -8\task -8.vcxproj", "{8AD3321E-68C4-484B-B17B-17E004F469DC}"
EndProject
Project("{8BC9CEB8-8B4A-11D0-8D11-00A0C91BC942}") = "task_8", "task_8\task_8.vcxproj", "{5B526ABE-F7B4-47AF-9FB5-6D881CEEC2E1}"
EndProject
Project("{8BC9CEB8-8B4A-11D0-8D11-00A0C91BC942}") = "task 9", "task 9\task 9.vcxproj", "{4C6F9604-8106-4A9E-844F-3AE1A06191C6}"
EndProject
Global
	GlobalSection(SolutionConfigurationPlatforms) = preSolution
		Debug|x64 = Debug|x64
		Debug|x86 = Debug|x86
		Release|x64 = Release|x64
		Release|x86 = Release|x86
	EndGlobalSection
	GlobalSection(ProjectConfigurationPlatforms) = postSolution
		{63A32064-2471-4A6F-B292-F36C03F6634A}.Debug|x64.ActiveCfg = Debug|x64
		{63A32064-2471-4A6F-B292-F36C03F6634A}.Debug|x64.Build.0 = Debug|x64
		{63A32064-2471-4A6F-B292-F36C03F6634A}.Debug|x86.ActiveCfg = Debug|Win32
		{63A32064-2471-4A6F-B292-F36C03F6634A}.Debug|x86.Build.0 = Debug|Win32
		{63A32064-2471-4A6F-B292-F36C03F6634A}.Release|x64.ActiveCfg = Release|x64
		{63A32064-2471-4A6F-B292-F36C03F6634A}.Release|x64.Build.0 = Release|x64
		{63A32064-2471-4A6F-B292-F36C03F6634A}.Release|x86.ActiveCfg = Release|Win32
		{63A32064-2471-4A6F-B292-F36C03F6634A}.Release|x86.Build.0 = Release|Win32
		{547306DD-6C31-42E5-B279-D3451AD4CB3D}.Debug|x64.ActiveCfg = Debug|x64
		{547306DD-6C31-42E5-B279-D3451AD4CB3D}.Debug|x64.Build.0 = Debug|x64
		{547306DD-6C31-42E5-B279-D3451AD4CB3D}.Debug|x86.ActiveCfg = Debug|Win32
		{547306DD-6C31-42E5-B279-D3451AD4CB3D}.Debug|x86.Build.0 = Debug|Win32
		{547306DD-6C31-42E5-B279-D3451AD4CB3D}.Release|x64.ActiveCfg = Release|x64
		{547306DD-6C31-42E5-B279-D3451AD4CB3D}.Release|x64.Build.0 = Release|x64
		{547306DD-6C31-42E5-B279-D3451AD4CB3D}.Release|x86.ActiveCfg = Release|Win32
		{547306DD-6C31-42E5-B279-D3451AD4CB3D}.Release|x86.Build.0 = Release|Win32
		{7A18F227-7A38-4F1B-A0A1-9E973E0C4096}.Debug|x64.ActiveCfg = Debug|x64
		{7A18F227-7A38-4F1B-A0A1-9E973E0C4096}.Debug|x64.Build.0 = Debug|x64
		{7A18F227-7A38-4F1B-A0A1-9E973E0C4096}.Debug|x86.ActiveCfg = Debug|Win32
		{7A18F227-7A38-4F1B-A0A1-9E973E0C4096}.Debug|x86.Build.0 = Debug|Win32
		{7A18F227-7A38-4F1B-A0A1-9E973E0C4096}.Release|x64.ActiveCfg = Release|x64
		{7A18F227-7A38-4F1B-A0A1-9E973E0C4096}.Release|x64.Build.0 = Release|x64
		{7A18F227-7A38-4F1B-A0A1-9E973E0C4096}.Release|x86.ActiveCfg = Release|Win32
		{7A18F227-7A38-4F1B-A0A1-9E973E0C4096}.Release|x86.Build.0 = Release|Win32
		{B2735C75-8EE8-4FD8-9B00-5E1D1ABB67E7}.Debug|x64.ActiveCfg = Debug|x64
		{B2735C75-8EE8-4FD8-9B00-5E1D1ABB67E7}.Debug|x64.Build.0 = Debug|x64
		{B2735C75-8EE8-4FD8-9B00-5E1D1ABB67E7}.Debug|x86.ActiveCfg = Debug|Win32
		{B2735C75-8EE8-4FD8-9B00-5E1D1ABB67E7}.Debug|x86.Build.0 = Debug|Win32
		{B2735C75-8EE8-4FD8-9B00-5E1D1ABB67E7}.Release|x64.ActiveCfg = Release|x64
		{B2735C75-8EE8-4FD8-9B00-5E1D1ABB67E7}.Release|x64.Build.0 = Release|x64
		{B2735C75-8EE8-4FD8-9B00-5E1D1ABB67E7}.Release|x86.ActiveCfg = Release|Win32
		{B2735C75-8EE8-4FD8-9B00-5E1D1ABB67E7}.Release|x86.Build.0 = Release|Win32
		{DA76A8A4-FCF7-4D76-BC43-8476C4BD7095}.Debug|x64.ActiveCfg = Debug|x64
		{DA76A8A4-FCF7-4D76-BC43-8476C4BD7095}.Debug|x64.Build.0 = Debug|x64
		{DA76A8A4-FCF7-4D76-BC43-8476C4BD7095}.Debug|x86.ActiveCfg = Debug|Win32
		{DA76A8A4-FCF7-4D76-BC43-8476C4BD7095}.Debug|x86.Build.0 = Debug|Win32
		{DA76A8A4-FCF7-4D76-BC43-8476C4BD7095}.Release|x64.ActiveCfg = Release|x64
		{DA76A8A4-FCF7-4D76-BC43-8476C4BD7095}.Release|x64.Build.0 = Release|x64
		{DA76A8A4-FCF7-4D76-BC43-8476C4BD7095}.Release|x86.ActiveCfg = Release|Win32
		{DA76A8A4-FCF7-4D76-BC43-8476C4BD7095}.Release|x86.Build.0 = Release|Win32
		{05CF20BC-A7D3-4A0F-8B75-9945110ADA97}.Debug|x64.ActiveCfg = Debug|x64
		{05CF20BC-A7D3-4A0F-8B75-9945110ADA97}.Debug|x64.Build.0 = Debug|x64
		{05CF20BC-A7D3-4A0F-8B75-9945110ADA97}.Debug|x86.ActiveCfg = Debug|Win32
		{05CF20BC-A7D3-4A0F-8B75-9945110ADA97}.Debug|x86.Build.0 = Debug|Win32
		{05CF20BC-A7D3-4A0F-8B75-9945110ADA97}.Release|x64.ActiveCfg = Release|x64
		{05CF20BC-A7D3-4A0F-8B75-9945110ADA97}.Release|x64.Build.0 = Release|x64
		{05CF20BC-A7D3-4A0F-8B75-9945110ADA97}.Release|x86.ActiveCfg = Release|Win32
		{05CF20BC-A7D3-4A0F-8B75-9945110ADA97}.Release|x86.Build.0 = Release|Win32
		{0ABA1C04-6419-42AE-87D7-91887667F4C8}.Debug|x64.ActiveCfg = Debug|x64
		{0ABA1C04-6419-42AE-87D7-91887667F4C8}.Debug|x64.Build.0 = Debug|x64
		{0ABA1C04-6419-42AE-87D7-91887667F4C8}.Debug|x86.ActiveCfg = Debug|Win32
		{0ABA1C04-6419-42AE-87D7-91887667F4C8}.Debug|x86.Build.0 = Debug|Win32
		{0ABA1C04-6419-42AE-87D7-91887667F4C8}.Release|x64.ActiveCfg = Release|x64
		{0ABA1C04-6419-42AE-87D7-91887667F4C8}.Release|x64.Build.0 = Release|x64
		{0ABA1C04-6419-42AE-87D7-91887667F4C8}.Release|x86.ActiveCfg = Release|Win32
		{0ABA1C04-6419-42AE-87D7-91887667F4C8}.Release|x86.Build.0 = Release|Win32
		{D9D2EA9E-11A6-42C9-A8B6-9B3AFD153C5B}.Debug|x64.ActiveCfg = Debug|x64
		{D9D2EA9E-11A6-42C9-A8B6-9B3AFD153C5B}.Debug|x64.Build.0 = Debug|x64
		{D9D2EA9E-11A6-42C9-A8B6-9B3AFD153C5B}.Debug|x86.ActiveCfg = Debug|Win32
		{D9D2EA9E-11A6-42C9-A8B6-9B3AFD153C5B}.Debug|x86.Build.0 = Debug|Win32
		{D9D2EA9E-11A6-42C9-A8B6-9B3AFD153C5B}.Release|x64.ActiveCfg = Release|x64
		{D9D2EA9E-11A6-42C9-A8B6-9B3AFD153C5B}.Release|x64.Build.0 = Release|x64
		{D9D2EA9E-11A6-42C9-A8B6-9B3AFD153C5B}.Release|x86.ActiveCfg = Release|Win32
		{D9D2EA9E-11A6-42C9-A8B6-9B3AFD153C5B}.Release|x86.Build.0 = Release|Win32
		{8AD3321E-68C4-484B-B17B-17E004F469DC}.Debug|x64.ActiveCfg = Debug|x64
		{8AD3321E-68C4-484B-B17B-17E004F469DC}.Debug|x64.Build.0 = Debug|x64
		{8AD3321E-68C4-484B-B17B-17E004F469DC}.Debug|x86.ActiveCfg = Debug|Win32
		{8AD3321E-68C4-484B-B17B-17E004F469DC}.Debug|x86.Build.0 = Debug|Win32
		{8AD3321E-68C4-484B-B17B-17E004F469DC}.Release|x64.ActiveCfg = Release|x64
		{8AD3321E-68C4-484B-B17B-17E004F469DC}.Release|x64.Build.0 = Release|x64
		{8AD3321E-68C4-484B-B17B-17E004F469DC}.Release|x86.ActiveCfg = Release|Win32
		{8AD3321E-68C4-484B-B17B-17E004F469DC}.Release|x86.Build.0 = Release|Win32
		{5B526ABE-F7B4-47AF-9FB5-6D881CEEC2E1}.Debug|x64.ActiveCfg = Debug|x64
		{5B526ABE-F7B4-47AF-9FB5-6D881CEEC2E1}.Debug|x64.Build.0 = Debug|x64
		{5B526ABE-F7B4-47AF-9FB5-6D881CEEC2E1}.Debug|x86.ActiveCfg = Debug|Win32
		{5B526ABE-F7B4-47AF-9FB5-6D881CEEC2E1}.Debug|x86.Build.0 = Debug|Win32
		{5B526ABE-F7B4-47AF-9FB5-6D881CEEC2E1}.Release|x64.ActiveCfg = Release|x64
		{5B526ABE-F7B4-47AF-9FB5-6D881CEEC2E1}.Release|x64.Build.0 = Release|x64
		{5B526ABE-F7B4-47AF-9FB5-6D881CEEC2E1}.Release|x86.ActiveCfg = Release|Win32
		{5B526ABE-F7B4-47AF-9FB5-6D881CEEC2E1}.Release|x86.Build.0 = Release|Win32
		{4C6F9604-8106-4A9E-844F-3AE1A06191C6}.Debug|x64.ActiveCfg = Debug|x64
		{4C6F9604-8106-4A9E-844F-3AE1A06191C6}.Debug|x64.Build.0 = Debug|x64
		{4C6F9604-8106-4A9E-844F-3AE1A06191C6}.Debug|x86.ActiveCfg = Debug|Win32
		{4C6F9604-8106-4A9E-844F-3AE1A06191C6}.Debug|x86.Build.0 = Debug|Win32
		{4C6F9604-8106-4A9E-844F-3AE1A06191C6}.Release|x64.ActiveCfg = Release|x64
		{4C6F9604-8106-4A9E-844F-3AE1A06191C6}.Release|x64.Build.0 = Release|x64
		{4C6F9604-8106-4A9E-844F-3AE1A06191C6}.Release|x86.ActiveCfg = Release|Win32
		{4C6F9604-8106-4A9E-844F-3AE1A06191C6}.Release|x86.Build.0 = Release|Win32
	EndGlobalSection
	GlobalSection(SolutionProperties) = preSolution
		HideSolutionNode = FALSE
	EndGlobalSection
	GlobalSection(ExtensibilityGlobals) = postSolution
		SolutionGuid = {0C583DB9-3586-4D28-8714-7B3096240F5A}
	EndGlobalSection
EndGlobal
